
Microsoft Visual Studio Solution File, Format Version 12.00
# Visual Studio Version 16
VisualStudioVersion = 16.0.28407.52
MinimumVisualStudioVersion = 10.0.40219.1
Project("{9A19103F-16F7-4668-BE54-9A1E7A4F7556}") = "WebHookSample", "webhook-sample\WebHookSample.csproj", "{1DEDB35D-7F15-44B9-8985-1A0B829E2F34}"
EndProject
Project("{FAE04EC0-301F-11D3-BF4B-00C04F79EFBC}") = "WebHookSample.Tests", "webhook-sample.tests\WebHookSample.Tests.csproj", "{8385A596-C634-4D4C-8E89-936D00FFD33A}"
EndProject
Global
	GlobalSection(SolutionConfigurationPlatforms) = preSolution
		Debug|Any CPU = Debug|Any CPU
		Release|Any CPU = Release|Any CPU
	EndGlobalSection
	GlobalSection(ProjectConfigurationPlatforms) = postSolution
		{1DEDB35D-7F15-44B9-8985-1A0B829E2F34}.Debug|Any CPU.ActiveCfg = Debug|Any CPU
		{1DEDB35D-7F15-44B9-8985-1A0B829E2F34}.Debug|Any CPU.Build.0 = Debug|Any CPU
		{1DEDB35D-7F15-44B9-8985-1A0B829E2F34}.Release|Any CPU.ActiveCfg = Release|Any CPU
		{1DEDB35D-7F15-44B9-8985-1A0B829E2F34}.Release|Any CPU.Build.0 = Release|Any CPU
		{8385A596-C634-4D4C-8E89-936D00FFD33A}.Debug|Any CPU.ActiveCfg = Debug|Any CPU
		{8385A596-C634-4D4C-8E89-936D00FFD33A}.Debug|Any CPU.Build.0 = Debug|Any CPU
		{8385A596-C634-4D4C-8E89-936D00FFD33A}.Release|Any CPU.ActiveCfg = Release|Any CPU
		{8385A596-C634-4D4C-8E89-936D00FFD33A}.Release|Any CPU.Build.0 = Release|Any CPU
	EndGlobalSection
	GlobalSection(SolutionProperties) = preSolution
		HideSolutionNode = FALSE
	EndGlobalSection
	GlobalSection(ExtensibilityGlobals) = postSolution
		SolutionGuid = {E63413ED-5810-428A-ADD9-AA1320ECE81B}
	EndGlobalSection
EndGlobal
